// !$*UTF8*$!
{
	archiveVersion = 1;
	classes = {
	};
	objectVersion = 56;
	objects = {

/* Begin PBXBuildFile section */
		D03BA2252B95FECE00AEA19D /* CleanDiskServices.swift in Sources */ = {isa = PBXBuildFile; fileRef = D03BA2242B95FECE00AEA19D /* CleanDiskServices.swift */; };
		D03BA22A2B96070D00AEA19D /* DiskAccessServices.swift in Sources */ = {isa = PBXBuildFile; fileRef = D03BA2292B96070D00AEA19D /* DiskAccessServices.swift */; };
		D0BD8A5B2C71E22500C197BF /* PermissionView.swift in Sources */ = {isa = PBXBuildFile; fileRef = D0BD8A5A2C71E22500C197BF /* PermissionView.swift */; };
		D0BD8A5D2C71F37300C197BF /* PermissionServices.swift in Sources */ = {isa = PBXBuildFile; fileRef = D0BD8A5C2C71F36300C197BF /* PermissionServices.swift */; };
		D0BD8A602C71F54400C197BF /* PermissionViewViewModel.swift in Sources */ = {isa = PBXBuildFile; fileRef = D0BD8A5F2C71F54400C197BF /* PermissionViewViewModel.swift */; };
		D0C3EA022B95EF99001337B7 /* DiskCleanerApp.swift in Sources */ = {isa = PBXBuildFile; fileRef = D0C3EA012B95EF99001337B7 /* DiskCleanerApp.swift */; };
		D0C3EA042B95EF99001337B7 /* OptionsView.swift in Sources */ = {isa = PBXBuildFile; fileRef = D0C3EA032B95EF99001337B7 /* OptionsView.swift */; };
		D0C3EA062B95EF9B001337B7 /* Assets.xcassets in Resources */ = {isa = PBXBuildFile; fileRef = D0C3EA052B95EF9B001337B7 /* Assets.xcassets */; };
		D0C3EA092B95EF9B001337B7 /* Preview Assets.xcassets in Resources */ = {isa = PBXBuildFile; fileRef = D0C3EA082B95EF9B001337B7 /* Preview Assets.xcassets */; };
		D0C3EA152B95F06F001337B7 /* SwiftHelpers in Frameworks */ = {isa = PBXBuildFile; productRef = D0C3EA142B95F06F001337B7 /* SwiftHelpers */; };
		D0C3EA192B95F2CE001337B7 /* OptionsViewViewModel.swift in Sources */ = {isa = PBXBuildFile; fileRef = D0C3EA182B95F2CE001337B7 /* OptionsViewViewModel.swift */; };
/* End PBXBuildFile section */

/* Begin PBXFileReference section */
		D03BA2242B95FECE00AEA19D /* CleanDiskServices.swift */ = {isa = PBXFileReference; lastKnownFileType = sourcecode.swift; path = CleanDiskServices.swift; sourceTree = "<group>"; };
		D03BA2292B96070D00AEA19D /* DiskAccessServices.swift */ = {isa = PBXFileReference; lastKnownFileType = sourcecode.swift; path = DiskAccessServices.swift; sourceTree = "<group>"; };
		D0BD8A5A2C71E22500C197BF /* PermissionView.swift */ = {isa = PBXFileReference; lastKnownFileType = sourcecode.swift; path = PermissionView.swift; sourceTree = "<group>"; };
		D0BD8A5C2C71F36300C197BF /* PermissionServices.swift */ = {isa = PBXFileReference; lastKnownFileType = sourcecode.swift; path = PermissionServices.swift; sourceTree = "<group>"; };
		D0BD8A5F2C71F54400C197BF /* PermissionViewViewModel.swift */ = {isa = PBXFileReference; lastKnownFileType = sourcecode.swift; path = PermissionViewViewModel.swift; sourceTree = "<group>"; };
		D0C3E9FE2B95EF99001337B7 /* DiskCleaner.app */ = {isa = PBXFileReference; explicitFileType = wrapper.application; includeInIndex = 0; path = DiskCleaner.app; sourceTree = BUILT_PRODUCTS_DIR; };
		D0C3EA012B95EF99001337B7 /* DiskCleanerApp.swift */ = {isa = PBXFileReference; lastKnownFileType = sourcecode.swift; path = DiskCleanerApp.swift; sourceTree = "<group>"; };
		D0C3EA032B95EF99001337B7 /* OptionsView.swift */ = {isa = PBXFileReference; lastKnownFileType = sourcecode.swift; path = OptionsView.swift; sourceTree = "<group>"; };
		D0C3EA052B95EF9B001337B7 /* Assets.xcassets */ = {isa = PBXFileReference; lastKnownFileType = folder.assetcatalog; path = Assets.xcassets; sourceTree = "<group>"; };
		D0C3EA082B95EF9B001337B7 /* Preview Assets.xcassets */ = {isa = PBXFileReference; lastKnownFileType = folder.assetcatalog; path = "Preview Assets.xcassets"; sourceTree = "<group>"; };
		D0C3EA0A2B95EF9B001337B7 /* DiskCleaner.entitlements */ = {isa = PBXFileReference; lastKnownFileType = text.plist.entitlements; path = DiskCleaner.entitlements; sourceTree = "<group>"; };
		D0C3EA182B95F2CE001337B7 /* OptionsViewViewModel.swift */ = {isa = PBXFileReference; lastKnownFileType = sourcecode.swift; path = OptionsViewViewModel.swift; sourceTree = "<group>"; };
/* End PBXFileReference section */

/* Begin PBXFrameworksBuildPhase section */
		D0C3E9FB2B95EF99001337B7 /* Frameworks */ = {
			isa = PBXFrameworksBuildPhase;
			buildActionMask = 2147483647;
			files = (
				D0C3EA152B95F06F001337B7 /* SwiftHelpers in Frameworks */,
			);
			runOnlyForDeploymentPostprocessing = 0;
		};
/* End PBXFrameworksBuildPhase section */

/* Begin PBXGroup section */
		D03BA2232B95FEAA00AEA19D /* Services */ = {
			isa = PBXGroup;
			children = (
				D0BD8A5C2C71F36300C197BF /* PermissionServices.swift */,
				D03BA2242B95FECE00AEA19D /* CleanDiskServices.swift */,
				D03BA2292B96070D00AEA19D /* DiskAccessServices.swift */,
			);
			path = Services;
			sourceTree = "<group>";
		};
		D0BD8A572C71D67A00C197BF /* Components */ = {
			isa = PBXGroup;
			children = (
				D0BD8A5A2C71E22500C197BF /* PermissionView.swift */,
			);
			path = Components;
			sourceTree = "<group>";
		};
		D0BD8A5E2C71F52E00C197BF /* PermissionView */ = {
			isa = PBXGroup;
			children = (
				D0BD8A5F2C71F54400C197BF /* PermissionViewViewModel.swift */,
			);
			path = PermissionView;
			sourceTree = "<group>";
		};
		D0C3E9F52B95EF99001337B7 = {
			isa = PBXGroup;
			children = (
				D0C3EA002B95EF99001337B7 /* DiskCleaner */,
				D0C3E9FF2B95EF99001337B7 /* Products */,
			);
			sourceTree = "<group>";
		};
		D0C3E9FF2B95EF99001337B7 /* Products */ = {
			isa = PBXGroup;
			children = (
				D0C3E9FE2B95EF99001337B7 /* DiskCleaner.app */,
			);
			name = Products;
			sourceTree = "<group>";
		};
		D0C3EA002B95EF99001337B7 /* DiskCleaner */ = {
			isa = PBXGroup;
			children = (
				D0C3EA012B95EF99001337B7 /* DiskCleanerApp.swift */,
				D03BA2232B95FEAA00AEA19D /* Services */,
				D0C3EA162B95F262001337B7 /* ViewModels */,
				D0C3EA102B95EFE9001337B7 /* Views */,
				D0C3EA112B95EFF1001337B7 /* Resources */,
				D0C3EA122B95F01A001337B7 /* Entitlements */,
				D0C3EA072B95EF9B001337B7 /* Preview Content */,
			);
			path = DiskCleaner;
			sourceTree = "<group>";
		};
		D0C3EA072B95EF9B001337B7 /* Preview Content */ = {
			isa = PBXGroup;
			children = (
				D0C3EA082B95EF9B001337B7 /* Preview Assets.xcassets */,
			);
			path = "Preview Content";
			sourceTree = "<group>";
		};
		D0C3EA102B95EFE9001337B7 /* Views */ = {
			isa = PBXGroup;
			children = (
				D0BD8A572C71D67A00C197BF /* Components */,
				D0C3EA032B95EF99001337B7 /* OptionsView.swift */,
			);
			path = Views;
			sourceTree = "<group>";
		};
		D0C3EA112B95EFF1001337B7 /* Resources */ = {
			isa = PBXGroup;
			children = (
				D0C3EA052B95EF9B001337B7 /* Assets.xcassets */,
			);
			path = Resources;
			sourceTree = "<group>";
		};
		D0C3EA122B95F01A001337B7 /* Entitlements */ = {
			isa = PBXGroup;
			children = (
				D0C3EA0A2B95EF9B001337B7 /* DiskCleaner.entitlements */,
			);
			path = Entitlements;
			sourceTree = "<group>";
		};
		D0C3EA162B95F262001337B7 /* ViewModels */ = {
			isa = PBXGroup;
			children = (
				D0BD8A5E2C71F52E00C197BF /* PermissionView */,
				D0C3EA172B95F2AC001337B7 /* OptionsView */,
			);
			path = ViewModels;
			sourceTree = "<group>";
		};
		D0C3EA172B95F2AC001337B7 /* OptionsView */ = {
			isa = PBXGroup;
			children = (
				D0C3EA182B95F2CE001337B7 /* OptionsViewViewModel.swift */,
			);
			path = OptionsView;
			sourceTree = "<group>";
		};
/* End PBXGroup section */

/* Begin PBXNativeTarget section */
		D0C3E9FD2B95EF99001337B7 /* DiskCleaner */ = {
			isa = PBXNativeTarget;
			buildConfigurationList = D0C3EA0D2B95EF9B001337B7 /* Build configuration list for PBXNativeTarget "DiskCleaner" */;
			buildPhases = (
				D0C3E9FA2B95EF99001337B7 /* Sources */,
				D0C3E9FB2B95EF99001337B7 /* Frameworks */,
				D0C3E9FC2B95EF99001337B7 /* Resources */,
			);
			buildRules = (
			);
			dependencies = (
			);
			name = DiskCleaner;
			packageProductDependencies = (
				D0C3EA142B95F06F001337B7 /* SwiftHelpers */,
			);
			productName = DiskReleaser;
			productReference = D0C3E9FE2B95EF99001337B7 /* DiskCleaner.app */;
			productType = "com.apple.product-type.application";
		};
/* End PBXNativeTarget section */

/* Begin PBXProject section */
		D0C3E9F62B95EF99001337B7 /* Project object */ = {
			isa = PBXProject;
			attributes = {
				BuildIndependentTargetsInParallel = 1;
				LastSwiftUpdateCheck = 1530;
				LastUpgradeCheck = 1610;
				TargetAttributes = {
					D0C3E9FD2B95EF99001337B7 = {
						CreatedOnToolsVersion = 15.3;
					};
				};
			};
			buildConfigurationList = D0C3E9F92B95EF99001337B7 /* Build configuration list for PBXProject "DiskCleaner" */;
			compatibilityVersion = "Xcode 14.0";
			developmentRegion = en;
			hasScannedForEncodings = 0;
			knownRegions = (
				en,
				Base,
			);
			mainGroup = D0C3E9F52B95EF99001337B7;
			packageReferences = (
				D0C3EA132B95F06F001337B7 /* XCRemoteSwiftPackageReference "SwiftHelpers" */,
			);
			productRefGroup = D0C3E9FF2B95EF99001337B7 /* Products */;
			projectDirPath = "";
			projectRoot = "";
			targets = (
				D0C3E9FD2B95EF99001337B7 /* DiskCleaner */,
			);
		};
/* End PBXProject section */

/* Begin PBXResourcesBuildPhase section */
		D0C3E9FC2B95EF99001337B7 /* Resources */ = {
			isa = PBXResourcesBuildPhase;
			buildActionMask = 2147483647;
			files = (
				D0C3EA092B95EF9B001337B7 /* Preview Assets.xcassets in Resources */,
				D0C3EA062B95EF9B001337B7 /* Assets.xcassets in Resources */,
			);
			runOnlyForDeploymentPostprocessing = 0;
		};
/* End PBXResourcesBuildPhase section */

/* Begin PBXSourcesBuildPhase section */
		D0C3E9FA2B95EF99001337B7 /* Sources */ = {
			isa = PBXSourcesBuildPhase;
			buildActionMask = 2147483647;
			files = (
				D0BD8A5D2C71F37300C197BF /* PermissionServices.swift in Sources */,
				D0BD8A602C71F54400C197BF /* PermissionViewViewModel.swift in Sources */,
				D0C3EA042B95EF99001337B7 /* OptionsView.swift in Sources */,
				D03BA2252B95FECE00AEA19D /* CleanDiskServices.swift in Sources */,
				D0C3EA022B95EF99001337B7 /* DiskCleanerApp.swift in Sources */,
				D03BA22A2B96070D00AEA19D /* DiskAccessServices.swift in Sources */,
				D0BD8A5B2C71E22500C197BF /* PermissionView.swift in Sources */,
				D0C3EA192B95F2CE001337B7 /* OptionsViewViewModel.swift in Sources */,
			);
			runOnlyForDeploymentPostprocessing = 0;
		};
/* End PBXSourcesBuildPhase section */

/* Begin XCBuildConfiguration section */
		D0C3EA0B2B95EF9B001337B7 /* Debug */ = {
			isa = XCBuildConfiguration;
			buildSettings = {
				ALWAYS_SEARCH_USER_PATHS = NO;
				ASSETCATALOG_COMPILER_GENERATE_SWIFT_ASSET_SYMBOL_EXTENSIONS = YES;
				CLANG_ANALYZER_NONNULL = YES;
				CLANG_ANALYZER_NUMBER_OBJECT_CONVERSION = YES_AGGRESSIVE;
				CLANG_CXX_LANGUAGE_STANDARD = "gnu++20";
				CLANG_ENABLE_MODULES = YES;
				CLANG_ENABLE_OBJC_ARC = YES;
				CLANG_ENABLE_OBJC_WEAK = YES;
				CLANG_WARN_BLOCK_CAPTURE_AUTORELEASING = YES;
				CLANG_WARN_BOOL_CONVERSION = YES;
				CLANG_WARN_COMMA = YES;
				CLANG_WARN_CONSTANT_CONVERSION = YES;
				CLANG_WARN_DEPRECATED_OBJC_IMPLEMENTATIONS = YES;
				CLANG_WARN_DIRECT_OBJC_ISA_USAGE = YES_ERROR;
				CLANG_WARN_DOCUMENTATION_COMMENTS = YES;
				CLANG_WARN_EMPTY_BODY = YES;
				CLANG_WARN_ENUM_CONVERSION = YES;
				CLANG_WARN_INFINITE_RECURSION = YES;
				CLANG_WARN_INT_CONVERSION = YES;
				CLANG_WARN_NON_LITERAL_NULL_CONVERSION = YES;
				CLANG_WARN_OBJC_IMPLICIT_RETAIN_SELF = YES;
				CLANG_WARN_OBJC_LITERAL_CONVERSION = YES;
				CLANG_WARN_OBJC_ROOT_CLASS = YES_ERROR;
				CLANG_WARN_QUOTED_INCLUDE_IN_FRAMEWORK_HEADER = YES;
				CLANG_WARN_RANGE_LOOP_ANALYSIS = YES;
				CLANG_WARN_STRICT_PROTOTYPES = YES;
				CLANG_WARN_SUSPICIOUS_MOVE = YES;
				CLANG_WARN_UNGUARDED_AVAILABILITY = YES_AGGRESSIVE;
				CLANG_WARN_UNREACHABLE_CODE = YES;
				CLANG_WARN__DUPLICATE_METHOD_MATCH = YES;
				COPY_PHASE_STRIP = NO;
				DEAD_CODE_STRIPPING = YES;
				DEBUG_INFORMATION_FORMAT = dwarf;
				ENABLE_STRICT_OBJC_MSGSEND = YES;
				ENABLE_TESTABILITY = YES;
				ENABLE_USER_SCRIPT_SANDBOXING = YES;
				GCC_C_LANGUAGE_STANDARD = gnu17;
				GCC_DYNAMIC_NO_PIC = NO;
				GCC_NO_COMMON_BLOCKS = YES;
				GCC_OPTIMIZATION_LEVEL = 0;
				GCC_PREPROCESSOR_DEFINITIONS = (
					"DEBUG=1",
					"$(inherited)",
				);
				GCC_WARN_64_TO_32_BIT_CONVERSION = YES;
				GCC_WARN_ABOUT_RETURN_TYPE = YES_ERROR;
				GCC_WARN_UNDECLARED_SELECTOR = YES;
				GCC_WARN_UNINITIALIZED_AUTOS = YES_AGGRESSIVE;
				GCC_WARN_UNUSED_FUNCTION = YES;
				GCC_WARN_UNUSED_VARIABLE = YES;
				LOCALIZATION_PREFERS_STRING_CATALOGS = YES;
				MACOSX_DEPLOYMENT_TARGET = 14.3;
				MTL_ENABLE_DEBUG_INFO = INCLUDE_SOURCE;
				MTL_FAST_MATH = YES;
				ONLY_ACTIVE_ARCH = YES;
				SDKROOT = macosx;
				SWIFT_ACTIVE_COMPILATION_CONDITIONS = "DEBUG $(inherited)";
				SWIFT_OPTIMIZATION_LEVEL = "-Onone";
				SWIFT_STRICT_CONCURRENCY = complete;
				SWIFT_VERSION = 6.0;
			};
			name = Debug;
		};
		D0C3EA0C2B95EF9B001337B7 /* Release */ = {
			isa = XCBuildConfiguration;
			buildSettings = {
				ALWAYS_SEARCH_USER_PATHS = NO;
				ASSETCATALOG_COMPILER_GENERATE_SWIFT_ASSET_SYMBOL_EXTENSIONS = YES;
				CLANG_ANALYZER_NONNULL = YES;
				CLANG_ANALYZER_NUMBER_OBJECT_CONVERSION = YES_AGGRESSIVE;
				CLANG_CXX_LANGUAGE_STANDARD = "gnu++20";
				CLANG_ENABLE_MODULES = YES;
				CLANG_ENABLE_OBJC_ARC = YES;
				CLANG_ENABLE_OBJC_WEAK = YES;
				CLANG_WARN_BLOCK_CAPTURE_AUTORELEASING = YES;
				CLANG_WARN_BOOL_CONVERSION = YES;
				CLANG_WARN_COMMA = YES;
				CLANG_WARN_CONSTANT_CONVERSION = YES;
				CLANG_WARN_DEPRECATED_OBJC_IMPLEMENTATIONS = YES;
				CLANG_WARN_DIRECT_OBJC_ISA_USAGE = YES_ERROR;
				CLANG_WARN_DOCUMENTATION_COMMENTS = YES;
				CLANG_WARN_EMPTY_BODY = YES;
				CLANG_WARN_ENUM_CONVERSION = YES;
				CLANG_WARN_INFINITE_RECURSION = YES;
				CLANG_WARN_INT_CONVERSION = YES;
				CLANG_WARN_NON_LITERAL_NULL_CONVERSION = YES;
				CLANG_WARN_OBJC_IMPLICIT_RETAIN_SELF = YES;
				CLANG_WARN_OBJC_LITERAL_CONVERSION = YES;
				CLANG_WARN_OBJC_ROOT_CLASS = YES_ERROR;
				CLANG_WARN_QUOTED_INCLUDE_IN_FRAMEWORK_HEADER = YES;
				CLANG_WARN_RANGE_LOOP_ANALYSIS = YES;
				CLANG_WARN_STRICT_PROTOTYPES = YES;
				CLANG_WARN_SUSPICIOUS_MOVE = YES;
				CLANG_WARN_UNGUARDED_AVAILABILITY = YES_AGGRESSIVE;
				CLANG_WARN_UNREACHABLE_CODE = YES;
				CLANG_WARN__DUPLICATE_METHOD_MATCH = YES;
				COPY_PHASE_STRIP = NO;
				DEAD_CODE_STRIPPING = YES;
				DEBUG_INFORMATION_FORMAT = "dwarf-with-dsym";
				ENABLE_NS_ASSERTIONS = NO;
				ENABLE_STRICT_OBJC_MSGSEND = YES;
				ENABLE_USER_SCRIPT_SANDBOXING = YES;
				GCC_C_LANGUAGE_STANDARD = gnu17;
				GCC_NO_COMMON_BLOCKS = YES;
				GCC_WARN_64_TO_32_BIT_CONVERSION = YES;
				GCC_WARN_ABOUT_RETURN_TYPE = YES_ERROR;
				GCC_WARN_UNDECLARED_SELECTOR = YES;
				GCC_WARN_UNINITIALIZED_AUTOS = YES_AGGRESSIVE;
				GCC_WARN_UNUSED_FUNCTION = YES;
				GCC_WARN_UNUSED_VARIABLE = YES;
				LOCALIZATION_PREFERS_STRING_CATALOGS = YES;
				MACOSX_DEPLOYMENT_TARGET = 14.3;
				MTL_ENABLE_DEBUG_INFO = NO;
				MTL_FAST_MATH = YES;
				SDKROOT = macosx;
				SWIFT_COMPILATION_MODE = wholemodule;
				SWIFT_STRICT_CONCURRENCY = complete;
				SWIFT_VERSION = 6.0;
			};
			name = Release;
		};
		D0C3EA0E2B95EF9B001337B7 /* Debug */ = {
			isa = XCBuildConfiguration;
			buildSettings = {
				ASSETCATALOG_COMPILER_APPICON_NAME = AppIcon;
				ASSETCATALOG_COMPILER_GLOBAL_ACCENT_COLOR_NAME = AccentColor;
				CODE_SIGN_ENTITLEMENTS = DiskCleaner/Entitlements/DiskCleaner.entitlements;
				CODE_SIGN_STYLE = Automatic;
				COMBINE_HIDPI_IMAGES = YES;
				CURRENT_PROJECT_VERSION = 1;
				DEAD_CODE_STRIPPING = YES;
				DEVELOPMENT_ASSET_PATHS = "\"DiskCleaner/Preview Content\"";
				DEVELOPMENT_TEAM = 23JEQ2524P;
				ENABLE_HARDENED_RUNTIME = YES;
				ENABLE_PREVIEWS = YES;
				GENERATE_INFOPLIST_FILE = YES;
				INFOPLIST_KEY_LSApplicationCategoryType = "public.app-category.utilities";
				INFOPLIST_KEY_NSHumanReadableCopyright = "";
				LD_RUNPATH_SEARCH_PATHS = (
					"$(inherited)",
					"@executable_path/../Frameworks",
				);
				MACOSX_DEPLOYMENT_TARGET = 14.0;
				MARKETING_VERSION = 1.0;
				PRODUCT_BUNDLE_IDENTIFIER = com.leoho.DiskCleaner;
				PRODUCT_NAME = "$(TARGET_NAME)";
				SWIFT_EMIT_LOC_STRINGS = YES;
				SWIFT_VERSION = 5.0;
			};
			name = Debug;
		};
		D0C3EA0F2B95EF9B001337B7 /* Release */ = {
			isa = XCBuildConfiguration;
			buildSettings = {
				ASSETCATALOG_COMPILER_APPICON_NAME = AppIcon;
				ASSETCATALOG_COMPILER_GLOBAL_ACCENT_COLOR_NAME = AccentColor;
				CODE_SIGN_ENTITLEMENTS = DiskCleaner/Entitlements/DiskCleaner.entitlements;
				CODE_SIGN_STYLE = Automatic;
				COMBINE_HIDPI_IMAGES = YES;
				CURRENT_PROJECT_VERSION = 1;
				DEAD_CODE_STRIPPING = YES;
				DEVELOPMENT_ASSET_PATHS = "\"DiskCleaner/Preview Content\"";
				DEVELOPMENT_TEAM = 23JEQ2524P;
				ENABLE_HARDENED_RUNTIME = YES;
				ENABLE_PREVIEWS = YES;
				GENERATE_INFOPLIST_FILE = YES;
				INFOPLIST_KEY_LSApplicationCategoryType = "public.app-category.utilities";
				INFOPLIST_KEY_NSHumanReadableCopyright = "";
				LD_RUNPATH_SEARCH_PATHS = (
					"$(inherited)",
					"@executable_path/../Frameworks",
				);
				MACOSX_DEPLOYMENT_TARGET = 14.0;
				MARKETING_VERSION = 1.0;
				PRODUCT_BUNDLE_IDENTIFIER = com.leoho.DiskCleaner;
				PRODUCT_NAME = "$(TARGET_NAME)";
				SWIFT_EMIT_LOC_STRINGS = YES;
				SWIFT_VERSION = 5.0;
			};
			name = Release;
		};
/* End XCBuildConfiguration section */

/* Begin XCConfigurationList section */
		D0C3E9F92B95EF99001337B7 /* Build configuration list for PBXProject "DiskCleaner" */ = {
			isa = XCConfigurationList;
			buildConfigurations = (
				D0C3EA0B2B95EF9B001337B7 /* Debug */,
				D0C3EA0C2B95EF9B001337B7 /* Release */,
			);
			defaultConfigurationIsVisible = 0;
			defaultConfigurationName = Release;
		};
		D0C3EA0D2B95EF9B001337B7 /* Build configuration list for PBXNativeTarget "DiskCleaner" */ = {
			isa = XCConfigurationList;
			buildConfigurations = (
				D0C3EA0E2B95EF9B001337B7 /* Debug */,
				D0C3EA0F2B95EF9B001337B7 /* Release */,
			);
			defaultConfigurationIsVisible = 0;
			defaultConfigurationName = Release;
		};
/* End XCConfigurationList section */

/* Begin XCRemoteSwiftPackageReference section */
		D0C3EA132B95F06F001337B7 /* XCRemoteSwiftPackageReference "SwiftHelpers" */ = {
			isa = XCRemoteSwiftPackageReference;
			repositoryURL = "https://github.com/leoho0722/SwiftHelpers.git";
			requirement = {
				kind = upToNextMajorVersion;
				minimumVersion = 0.0.17;
			};
		};
/* End XCRemoteSwiftPackageReference section */

/* Begin XCSwiftPackageProductDependency section */
		D0C3EA142B95F06F001337B7 /* SwiftHelpers */ = {
			isa = XCSwiftPackageProductDependency;
			package = D0C3EA132B95F06F001337B7 /* XCRemoteSwiftPackageReference "SwiftHelpers" */;
			productName = SwiftHelpers;
		};
/* End XCSwiftPackageProductDependency section */
	};
	rootObject = D0C3E9F62B95EF99001337B7 /* Project object */;
}
